
Microsoft Visual Studio Solution File, Format Version 12.00
# Visual Studio Version 16
VisualStudioVersion = 16.0.30225.117
MinimumVisualStudioVersion = 10.0.40219.1
Project("{9A19103F-16F7-4668-BE54-9A1E7A4F7556}") = "EXCEPTIONS_ARRAYS_COLLECTIONS", "Assessment2a\EXCEPTIONS_ARRAYS_COLLECTIONS.csproj", "{D3CEB50F-4ACA-4773-9850-794F957784F9}"
EndProject
Global
	GlobalSection(SolutionConfigurationPlatforms) = preSolution
		Debug|Any CPU = Debug|Any CPU
		Release|Any CPU = Release|Any CPU
	EndGlobalSection
	GlobalSection(ProjectConfigurationPlatforms) = postSolution
		{D3CEB50F-4ACA-4773-9850-794F957784F9}.Debug|Any CPU.ActiveCfg = Debug|Any CPU
		{D3CEB50F-4ACA-4773-9850-794F957784F9}.Debug|Any CPU.Build.0 = Debug|Any CPU
		{D3CEB50F-4ACA-4773-9850-794F957784F9}.Release|Any CPU.ActiveCfg = Release|Any CPU
		{D3CEB50F-4ACA-4773-9850-794F957784F9}.Release|Any CPU.Build.0 = Release|Any CPU
	EndGlobalSection
	GlobalSection(SolutionProperties) = preSolution
		HideSolutionNode = FALSE
	EndGlobalSection
	GlobalSection(ExtensibilityGlobals) = postSolution
		SolutionGuid = {AE6E4A01-C1AB-4413-9CB8-F6BB2C7DBDA3}
	EndGlobalSection
EndGlobal
