
Microsoft Visual Studio Solution File, Format Version 12.00
# Visual Studio Version 16
VisualStudioVersion = 16.0.30907.101
MinimumVisualStudioVersion = 10.0.40219.1
Project("{FAE04EC0-301F-11D3-BF4B-00C04F79EFBC}") = "AnimalInterface", "AnimalInterface\AnimalInterface.csproj", "{BA498AEB-BE09-4BC5-977A-389A596323F6}"
EndProject
Global
	GlobalSection(SolutionConfigurationPlatforms) = preSolution
		Debug|Any CPU = Debug|Any CPU
		Release|Any CPU = Release|Any CPU
	EndGlobalSection
	GlobalSection(ProjectConfigurationPlatforms) = postSolution
		{BA498AEB-BE09-4BC5-977A-389A596323F6}.Debug|Any CPU.ActiveCfg = Debug|Any CPU
		{BA498AEB-BE09-4BC5-977A-389A596323F6}.Debug|Any CPU.Build.0 = Debug|Any CPU
		{BA498AEB-BE09-4BC5-977A-389A596323F6}.Release|Any CPU.ActiveCfg = Release|Any CPU
		{BA498AEB-BE09-4BC5-977A-389A596323F6}.Release|Any CPU.Build.0 = Release|Any CPU
	EndGlobalSection
	GlobalSection(SolutionProperties) = preSolution
		HideSolutionNode = FALSE
	EndGlobalSection
	GlobalSection(ExtensibilityGlobals) = postSolution
		SolutionGuid = {8C2803C4-57D5-44C3-8386-8CFE014EBB18}
	EndGlobalSection
EndGlobal
