
Microsoft Visual Studio Solution File, Format Version 12.00
# Visual Studio Version 16
VisualStudioVersion = 16.0.29503.13
MinimumVisualStudioVersion = 10.0.40219.1
Project("{FAE04EC0-301F-11D3-BF4B-00C04F79EFBC}") = "MockAssessment3", "MockAssessment3\MockAssessment3.csproj", "{BC7D1186-CAD4-4762-8014-0DA22DDE536B}"
EndProject
Global
	GlobalSection(SolutionConfigurationPlatforms) = preSolution
		Debug|Any CPU = Debug|Any CPU
		Release|Any CPU = Release|Any CPU
	EndGlobalSection
	GlobalSection(ProjectConfigurationPlatforms) = postSolution
		{BC7D1186-CAD4-4762-8014-0DA22DDE536B}.Debug|Any CPU.ActiveCfg = Debug|Any CPU
		{BC7D1186-CAD4-4762-8014-0DA22DDE536B}.Debug|Any CPU.Build.0 = Debug|Any CPU
		{BC7D1186-CAD4-4762-8014-0DA22DDE536B}.Release|Any CPU.ActiveCfg = Release|Any CPU
		{BC7D1186-CAD4-4762-8014-0DA22DDE536B}.Release|Any CPU.Build.0 = Release|Any CPU
	EndGlobalSection
	GlobalSection(SolutionProperties) = preSolution
		HideSolutionNode = FALSE
	EndGlobalSection
	GlobalSection(ExtensibilityGlobals) = postSolution
		SolutionGuid = {C9E58F30-0EF1-4676-BC01-6EEAD55EE010}
	EndGlobalSection
EndGlobal
