
Microsoft Visual Studio Solution File, Format Version 12.00
# Visual Studio Version 16
VisualStudioVersion = 16.0.30413.136
MinimumVisualStudioVersion = 10.0.40219.1
Project("{9A19103F-16F7-4668-BE54-9A1E7A4F7556}") = "Assessment3a", "Assessment3\Assessment3a.csproj", "{5E4902D2-983C-466E-91B1-728DF219EF6D}"
EndProject
Global
	GlobalSection(SolutionConfigurationPlatforms) = preSolution
		Debug|Any CPU = Debug|Any CPU
		Release|Any CPU = Release|Any CPU
	EndGlobalSection
	GlobalSection(ProjectConfigurationPlatforms) = postSolution
		{5E4902D2-983C-466E-91B1-728DF219EF6D}.Debug|Any CPU.ActiveCfg = Debug|Any CPU
		{5E4902D2-983C-466E-91B1-728DF219EF6D}.Debug|Any CPU.Build.0 = Debug|Any CPU
		{5E4902D2-983C-466E-91B1-728DF219EF6D}.Release|Any CPU.ActiveCfg = Release|Any CPU
		{5E4902D2-983C-466E-91B1-728DF219EF6D}.Release|Any CPU.Build.0 = Release|Any CPU
	EndGlobalSection
	GlobalSection(SolutionProperties) = preSolution
		HideSolutionNode = FALSE
	EndGlobalSection
	GlobalSection(ExtensibilityGlobals) = postSolution
		SolutionGuid = {F850B2DF-472B-4B4F-B1A3-BB1719E9FDFB}
	EndGlobalSection
EndGlobal
