
Microsoft Visual Studio Solution File, Format Version 12.00
# Visual Studio Version 16
VisualStudioVersion = 16.0.30717.126
MinimumVisualStudioVersion = 10.0.40219.1
Project("{FAE04EC0-301F-11D3-BF4B-00C04F79EFBC}") = "AnimalConcrete", "AnimalConcrete\AnimalConcrete.csproj", "{4217A371-289C-4117-A8D4-5193CC08ED60}"
EndProject
Global
	GlobalSection(SolutionConfigurationPlatforms) = preSolution
		Debug|Any CPU = Debug|Any CPU
		Release|Any CPU = Release|Any CPU
	EndGlobalSection
	GlobalSection(ProjectConfigurationPlatforms) = postSolution
		{4217A371-289C-4117-A8D4-5193CC08ED60}.Debug|Any CPU.ActiveCfg = Debug|Any CPU
		{4217A371-289C-4117-A8D4-5193CC08ED60}.Debug|Any CPU.Build.0 = Debug|Any CPU
		{4217A371-289C-4117-A8D4-5193CC08ED60}.Release|Any CPU.ActiveCfg = Release|Any CPU
		{4217A371-289C-4117-A8D4-5193CC08ED60}.Release|Any CPU.Build.0 = Release|Any CPU
	EndGlobalSection
	GlobalSection(SolutionProperties) = preSolution
		HideSolutionNode = FALSE
	EndGlobalSection
	GlobalSection(ExtensibilityGlobals) = postSolution
		SolutionGuid = {9FD33CEF-174F-42D3-AFA8-35F7A7F944BE}
	EndGlobalSection
EndGlobal
