
Microsoft Visual Studio Solution File, Format Version 12.00
# Visual Studio Version 16
VisualStudioVersion = 16.0.30907.101
MinimumVisualStudioVersion = 10.0.40219.1
Project("{9A19103F-16F7-4668-BE54-9A1E7A4F7556}") = "TDDExercises", "TDDExercises\TDDExercises.csproj", "{690CDF7B-E74E-427B-BB2C-8E5AA226B048}"
EndProject
Project("{FAE04EC0-301F-11D3-BF4B-00C04F79EFBC}") = "TestFizzBuzz", "TestFizzBuzz\TestFizzBuzz.csproj", "{59E455B3-3ED0-42CE-B026-5C617D878841}"
EndProject
Global
	GlobalSection(SolutionConfigurationPlatforms) = preSolution
		Debug|Any CPU = Debug|Any CPU
		Release|Any CPU = Release|Any CPU
	EndGlobalSection
	GlobalSection(ProjectConfigurationPlatforms) = postSolution
		{690CDF7B-E74E-427B-BB2C-8E5AA226B048}.Debug|Any CPU.ActiveCfg = Debug|Any CPU
		{690CDF7B-E74E-427B-BB2C-8E5AA226B048}.Debug|Any CPU.Build.0 = Debug|Any CPU
		{690CDF7B-E74E-427B-BB2C-8E5AA226B048}.Release|Any CPU.ActiveCfg = Release|Any CPU
		{690CDF7B-E74E-427B-BB2C-8E5AA226B048}.Release|Any CPU.Build.0 = Release|Any CPU
		{59E455B3-3ED0-42CE-B026-5C617D878841}.Debug|Any CPU.ActiveCfg = Debug|Any CPU
		{59E455B3-3ED0-42CE-B026-5C617D878841}.Debug|Any CPU.Build.0 = Debug|Any CPU
		{59E455B3-3ED0-42CE-B026-5C617D878841}.Release|Any CPU.ActiveCfg = Release|Any CPU
		{59E455B3-3ED0-42CE-B026-5C617D878841}.Release|Any CPU.Build.0 = Release|Any CPU
	EndGlobalSection
	GlobalSection(SolutionProperties) = preSolution
		HideSolutionNode = FALSE
	EndGlobalSection
	GlobalSection(ExtensibilityGlobals) = postSolution
		SolutionGuid = {BB25F6E7-8EC5-40FE-9DD1-69BBC2892685}
	EndGlobalSection
EndGlobal
